
Microsoft Visual Studio Solution File, Format Version 12.00
# Visual Studio Version 17
VisualStudioVersion = 17.12.35527.113
MinimumVisualStudioVersion = 10.0.40219.1
Project("{9A19103F-16F7-4668-BE54-9A1E7A4F7556}") = "ReFlex.TrackingServer", "tools\ReFlex.TrackingServer\ReFlex.TrackingServer.csproj", "{A96E29DD-EBE9-4D45-BBE5-28BD4C80BB50}"
EndProject
Project("{2150E333-8FDC-42A3-9474-1A3956D46DE8}") = "Library", "Library", "{97DF13B3-C84A-491F-A8F9-CEC0263AE31A}"
EndProject
Project("{9A19103F-16F7-4668-BE54-9A1E7A4F7556}") = "Calibration", "library\src\Core\Calibration\Calibration.csproj", "{ABA4654B-8F96-4F00-A763-3E119E87E4DB}"
EndProject
Project("{9A19103F-16F7-4668-BE54-9A1E7A4F7556}") = "Common", "library\src\Core\Common\Common.csproj", "{3FCF0B96-F4E8-4665-BC34-6FA2740D272A}"
EndProject
Project("{9A19103F-16F7-4668-BE54-9A1E7A4F7556}") = "Events", "library\src\Core\Events\Events.csproj", "{30F46786-927C-45EF-8F83-FB27B124BC67}"
EndProject
Project("{9A19103F-16F7-4668-BE54-9A1E7A4F7556}") = "Filtering", "library\src\Core\Filtering\Filtering.csproj", "{F3CFEE7A-5917-4378-9415-3EB498468C42}"
EndProject
Project("{9A19103F-16F7-4668-BE54-9A1E7A4F7556}") = "Implementation", "library\src\Core\Implementation\Implementation.csproj", "{A3FFE695-E184-4AA6-9FAE-F99307C476ED}"
EndProject
Project("{9A19103F-16F7-4668-BE54-9A1E7A4F7556}") = "Interactivity", "library\src\Core\Interactivity\Interactivity.csproj", "{96FE706D-9DDF-4D00-9D4F-CDFBC2C3A29C}"
EndProject
Project("{9A19103F-16F7-4668-BE54-9A1E7A4F7556}") = "Networking", "library\src\Core\Networking\Networking.csproj", "{E15030EB-231F-4370-B142-7C19E053007D}"
EndProject
Project("{9A19103F-16F7-4668-BE54-9A1E7A4F7556}") = "Tracking", "library\src\Core\Tracking\Tracking.csproj", "{6E4512AC-117E-4DE5-8246-C40A731CDED5}"
EndProject
Project("{9A19103F-16F7-4668-BE54-9A1E7A4F7556}") = "Util", "library\src\Core\Util\Util.csproj", "{28875303-B400-41C6-9A52-6C2E7590533D}"
EndProject
Project("{2150E333-8FDC-42A3-9474-1A3956D46DE8}") = "Sensor", "Sensor", "{3173FFFE-97F7-4110-98BB-C6FDBAE42BD3}"
EndProject
Project("{9A19103F-16F7-4668-BE54-9A1E7A4F7556}") = "EmulatorModule", "library\src\Sensor\EmulatorModule\EmulatorModule.csproj", "{B8194012-9350-41FC-8C17-701B556704E5}"
EndProject
Project("{9A19103F-16F7-4668-BE54-9A1E7A4F7556}") = "RealSenseD435Module", "library\src\Sensor\RealSenseR435Module\RealSenseD435Module.csproj", "{AF1FD92C-46FD-4F87-BC34-7F49CEFE12DE}"
EndProject
Project("{9A19103F-16F7-4668-BE54-9A1E7A4F7556}") = "RealSenseL515Module", "library\src\Sensor\RealSenseL515Module\RealSenseL515Module.csproj", "{3FB6E7CB-128F-4CDC-A203-A22638B75B44}"
EndProject
Project("{9A19103F-16F7-4668-BE54-9A1E7A4F7556}") = "Kinect2Module", "library\src\Sensor\Kinect2Module\Kinect2Module.csproj", "{DC6C8443-CFE2-436A-BA2A-00B7E6CF10C0}"
EndProject
Project("{9A19103F-16F7-4668-BE54-9A1E7A4F7556}") = "RealSenseR2Module", "library\src\Sensor\RealSenseR2Module\RealSenseR2Module.csproj", "{D229CEAF-22B8-4F41-9424-1097499DB0FE}"
EndProject
Project("{9A19103F-16F7-4668-BE54-9A1E7A4F7556}") = "AzureKinectModule", "library\src\Sensor\AzureKinectModule\AzureKinectModule.csproj", "{09FB5353-4BCD-496C-A179-6F16F150CD78}"
EndProject
Project("{9A19103F-16F7-4668-BE54-9A1E7A4F7556}") = "InteractionTests", "test\Library\InteractionTests\InteractionTests.csproj", "{ED93E46D-19C0-4A0C-9091-EFBDDDE8D251}"
EndProject
Project("{2150E333-8FDC-42A3-9474-1A3956D46DE8}") = "Test", "Test", "{52D3D067-85AF-47F3-A06A-B6E6932A4E0C}"
EndProject
Project("{9A19103F-16F7-4668-BE54-9A1E7A4F7556}") = "Graphics", "library\src\Core\Graphics\Graphics.csproj", "{624999A8-4C15-4989-99A1-0043448164FE}"
EndProject
Project("{FAE04EC0-301F-11D3-BF4B-00C04F79EFBC}") = "Tuio", "library\src\Core\Tuio\Tuio.csproj", "{1600DE84-B677-420B-90E4-EBDB1C5EA6B9}"
EndProject
Project("{FAE04EC0-301F-11D3-BF4B-00C04F79EFBC}") = "TuioTestClientConsole", "test\TuioTestClientConsole\TuioTestClientConsole.csproj", "{E42D6B81-E996-4A50-9F9B-101E46E20881}"
EndProject
Project("{FAE04EC0-301F-11D3-BF4B-00C04F79EFBC}") = "Tuio.Test", "test\Library\Tuio.Test\Tuio.Test.csproj", "{5DEF96A1-D77B-4B15-9A4B-95055E960EBC}"
EndProject
Project("{FAE04EC0-301F-11D3-BF4B-00C04F79EFBC}") = "PointCloud.Benchmark", "test\Library\Performance\PointCloud.Benchmark\PointCloud.Benchmark.csproj", "{0DD60996-092E-4764-86D5-9C26E4A70A7F}"
EndProject
Project("{FAE04EC0-301F-11D3-BF4B-00C04F79EFBC}") = "PointCloud.Test", "test\Library\PointCloud.Test\PointCloud.Test.csproj", "{361E07A5-067C-49EE-8E6B-57C89D7F9BB2}"
EndProject
Project("{FAE04EC0-301F-11D3-BF4B-00C04F79EFBC}") = "Emulator.Benchmark", "test\Library\Emulator.Benchmark\Emulator.Benchmark.csproj", "{95BD111C-1058-49CC-B4A2-F905768211A8}"
EndProject
Project("{FAE04EC0-301F-11D3-BF4B-00C04F79EFBC}") = "Common.Test", "test\Library\Common.Test\Common.Test.csproj", "{A47FA61B-05C6-4126-8EC6-5F1325191FFA}"
EndProject
Project("{2150E333-8FDC-42A3-9474-1A3956D46DE8}") = "Utilities", "Utilities", "{C3A7AE9F-4D4A-4EB4-811C-D9EE3E968F39}"
EndProject
Project("{FAE04EC0-301F-11D3-BF4B-00C04F79EFBC}") = "ExampleWPF", "examples\ExampleWPF\ExampleWPF.csproj", "{AE1AA5F3-95BD-4069-BD51-BC9BA76288C1}"
EndProject
Project("{FAE04EC0-301F-11D3-BF4B-00C04F79EFBC}") = "ExampleMAUI", "examples\ExampleMAUI\ExampleMAUI.csproj", "{AD169C3A-BBC3-47EB-8C05-EC95BF5F40FB}"
EndProject
Project("{FAE04EC0-301F-11D3-BF4B-00C04F79EFBC}") = "ConsoleServerDemo", "library\src\Utilities\ConsoleServerDemo\ConsoleServerDemo.csproj", "{CCE4202C-D616-440B-A32E-3D5EEA9E3098}"
EndProject
Project("{FAE04EC0-301F-11D3-BF4B-00C04F79EFBC}") = "ConsoleClientDemo", "library\src\Utilities\ConsoleClientDemo\ConsoleClientDemo.csproj", "{F4F6BE2C-DAFA-4D12-903B-7481128A344B}"
EndProject
Global
	GlobalSection(SolutionConfigurationPlatforms) = preSolution
		CI|Any CPU = CI|Any CPU
		CI|ARM64 = CI|ARM64
		CI|x64 = CI|x64
		Debug|Any CPU = Debug|Any CPU
		Debug|ARM64 = Debug|ARM64
		Debug|x64 = Debug|x64
		Release|Any CPU = Release|Any CPU
		Release|ARM64 = Release|ARM64
		Release|x64 = Release|x64
	EndGlobalSection
	GlobalSection(ProjectConfigurationPlatforms) = postSolution
		{A96E29DD-EBE9-4D45-BBE5-28BD4C80BB50}.CI|Any CPU.ActiveCfg = CI|x64
		{A96E29DD-EBE9-4D45-BBE5-28BD4C80BB50}.CI|Any CPU.Build.0 = CI|x64
		{A96E29DD-EBE9-4D45-BBE5-28BD4C80BB50}.CI|ARM64.ActiveCfg = CI|ARM64
		{A96E29DD-EBE9-4D45-BBE5-28BD4C80BB50}.CI|ARM64.Build.0 = CI|ARM64
		{A96E29DD-EBE9-4D45-BBE5-28BD4C80BB50}.CI|x64.ActiveCfg = CI|x64
		{A96E29DD-EBE9-4D45-BBE5-28BD4C80BB50}.CI|x64.Build.0 = CI|x64
		{A96E29DD-EBE9-4D45-BBE5-28BD4C80BB50}.Debug|Any CPU.ActiveCfg = Debug|x64
		{A96E29DD-EBE9-4D45-BBE5-28BD4C80BB50}.Debug|Any CPU.Build.0 = Debug|x64
		{A96E29DD-EBE9-4D45-BBE5-28BD4C80BB50}.Debug|ARM64.ActiveCfg = Debug|ARM64
		{A96E29DD-EBE9-4D45-BBE5-28BD4C80BB50}.Debug|ARM64.Build.0 = Debug|ARM64
		{A96E29DD-EBE9-4D45-BBE5-28BD4C80BB50}.Debug|x64.ActiveCfg = Debug|x64
		{A96E29DD-EBE9-4D45-BBE5-28BD4C80BB50}.Debug|x64.Build.0 = Debug|x64
		{A96E29DD-EBE9-4D45-BBE5-28BD4C80BB50}.Release|Any CPU.ActiveCfg = Release|x64
		{A96E29DD-EBE9-4D45-BBE5-28BD4C80BB50}.Release|Any CPU.Build.0 = Release|x64
		{A96E29DD-EBE9-4D45-BBE5-28BD4C80BB50}.Release|ARM64.ActiveCfg = Release|ARM64
		{A96E29DD-EBE9-4D45-BBE5-28BD4C80BB50}.Release|ARM64.Build.0 = Release|ARM64
		{A96E29DD-EBE9-4D45-BBE5-28BD4C80BB50}.Release|x64.ActiveCfg = Release|x64
		{A96E29DD-EBE9-4D45-BBE5-28BD4C80BB50}.Release|x64.Build.0 = Release|x64
		{ABA4654B-8F96-4F00-A763-3E119E87E4DB}.CI|Any CPU.ActiveCfg = CI|Any CPU
		{ABA4654B-8F96-4F00-A763-3E119E87E4DB}.CI|Any CPU.Build.0 = CI|Any CPU
		{ABA4654B-8F96-4F00-A763-3E119E87E4DB}.CI|ARM64.ActiveCfg = CI|ARM64
		{ABA4654B-8F96-4F00-A763-3E119E87E4DB}.CI|ARM64.Build.0 = CI|ARM64
		{ABA4654B-8F96-4F00-A763-3E119E87E4DB}.CI|x64.ActiveCfg = CI|x64
		{ABA4654B-8F96-4F00-A763-3E119E87E4DB}.CI|x64.Build.0 = CI|x64
		{ABA4654B-8F96-4F00-A763-3E119E87E4DB}.Debug|Any CPU.ActiveCfg = Debug|Any CPU
		{ABA4654B-8F96-4F00-A763-3E119E87E4DB}.Debug|Any CPU.Build.0 = Debug|Any CPU
		{ABA4654B-8F96-4F00-A763-3E119E87E4DB}.Debug|ARM64.ActiveCfg = Debug|ARM64
		{ABA4654B-8F96-4F00-A763-3E119E87E4DB}.Debug|ARM64.Build.0 = Debug|ARM64
		{ABA4654B-8F96-4F00-A763-3E119E87E4DB}.Debug|x64.ActiveCfg = Debug|x64
		{ABA4654B-8F96-4F00-A763-3E119E87E4DB}.Debug|x64.Build.0 = Debug|x64
		{ABA4654B-8F96-4F00-A763-3E119E87E4DB}.Release|Any CPU.ActiveCfg = Release|Any CPU
		{ABA4654B-8F96-4F00-A763-3E119E87E4DB}.Release|Any CPU.Build.0 = Release|Any CPU
		{ABA4654B-8F96-4F00-A763-3E119E87E4DB}.Release|ARM64.ActiveCfg = Release|ARM64
		{ABA4654B-8F96-4F00-A763-3E119E87E4DB}.Release|ARM64.Build.0 = Release|ARM64
		{ABA4654B-8F96-4F00-A763-3E119E87E4DB}.Release|x64.ActiveCfg = Release|x64
		{ABA4654B-8F96-4F00-A763-3E119E87E4DB}.Release|x64.Build.0 = Release|x64
		{3FCF0B96-F4E8-4665-BC34-6FA2740D272A}.CI|Any CPU.ActiveCfg = CI|Any CPU
		{3FCF0B96-F4E8-4665-BC34-6FA2740D272A}.CI|Any CPU.Build.0 = CI|Any CPU
		{3FCF0B96-F4E8-4665-BC34-6FA2740D272A}.CI|ARM64.ActiveCfg = CI|ARM64
		{3FCF0B96-F4E8-4665-BC34-6FA2740D272A}.CI|ARM64.Build.0 = CI|ARM64
		{3FCF0B96-F4E8-4665-BC34-6FA2740D272A}.CI|x64.ActiveCfg = CI|x64
		{3FCF0B96-F4E8-4665-BC34-6FA2740D272A}.CI|x64.Build.0 = CI|x64
		{3FCF0B96-F4E8-4665-BC34-6FA2740D272A}.Debug|Any CPU.ActiveCfg = Debug|Any CPU
		{3FCF0B96-F4E8-4665-BC34-6FA2740D272A}.Debug|Any CPU.Build.0 = Debug|Any CPU
		{3FCF0B96-F4E8-4665-BC34-6FA2740D272A}.Debug|ARM64.ActiveCfg = Debug|ARM64
		{3FCF0B96-F4E8-4665-BC34-6FA2740D272A}.Debug|ARM64.Build.0 = Debug|ARM64
		{3FCF0B96-F4E8-4665-BC34-6FA2740D272A}.Debug|x64.ActiveCfg = Debug|x64
		{3FCF0B96-F4E8-4665-BC34-6FA2740D272A}.Debug|x64.Build.0 = Debug|x64
		{3FCF0B96-F4E8-4665-BC34-6FA2740D272A}.Release|Any CPU.ActiveCfg = Release|Any CPU
		{3FCF0B96-F4E8-4665-BC34-6FA2740D272A}.Release|Any CPU.Build.0 = Release|Any CPU
		{3FCF0B96-F4E8-4665-BC34-6FA2740D272A}.Release|ARM64.ActiveCfg = Release|ARM64
		{3FCF0B96-F4E8-4665-BC34-6FA2740D272A}.Release|ARM64.Build.0 = Release|ARM64
		{3FCF0B96-F4E8-4665-BC34-6FA2740D272A}.Release|x64.ActiveCfg = Release|x64
		{3FCF0B96-F4E8-4665-BC34-6FA2740D272A}.Release|x64.Build.0 = Release|x64
		{30F46786-927C-45EF-8F83-FB27B124BC67}.CI|Any CPU.ActiveCfg = CI|Any CPU
		{30F46786-927C-45EF-8F83-FB27B124BC67}.CI|Any CPU.Build.0 = CI|Any CPU
		{30F46786-927C-45EF-8F83-FB27B124BC67}.CI|ARM64.ActiveCfg = CI|ARM64
		{30F46786-927C-45EF-8F83-FB27B124BC67}.CI|ARM64.Build.0 = CI|ARM64
		{30F46786-927C-45EF-8F83-FB27B124BC67}.CI|x64.ActiveCfg = CI|x64
		{30F46786-927C-45EF-8F83-FB27B124BC67}.CI|x64.Build.0 = CI|x64
		{30F46786-927C-45EF-8F83-FB27B124BC67}.Debug|Any CPU.ActiveCfg = Debug|Any CPU
		{30F46786-927C-45EF-8F83-FB27B124BC67}.Debug|Any CPU.Build.0 = Debug|Any CPU
		{30F46786-927C-45EF-8F83-FB27B124BC67}.Debug|ARM64.ActiveCfg = Debug|ARM64
		{30F46786-927C-45EF-8F83-FB27B124BC67}.Debug|ARM64.Build.0 = Debug|ARM64
		{30F46786-927C-45EF-8F83-FB27B124BC67}.Debug|x64.ActiveCfg = Debug|x64
		{30F46786-927C-45EF-8F83-FB27B124BC67}.Debug|x64.Build.0 = Debug|x64
		{30F46786-927C-45EF-8F83-FB27B124BC67}.Release|Any CPU.ActiveCfg = Release|Any CPU
		{30F46786-927C-45EF-8F83-FB27B124BC67}.Release|Any CPU.Build.0 = Release|Any CPU
		{30F46786-927C-45EF-8F83-FB27B124BC67}.Release|ARM64.ActiveCfg = Release|ARM64
		{30F46786-927C-45EF-8F83-FB27B124BC67}.Release|ARM64.Build.0 = Release|ARM64
		{30F46786-927C-45EF-8F83-FB27B124BC67}.Release|x64.ActiveCfg = Release|x64
		{30F46786-927C-45EF-8F83-FB27B124BC67}.Release|x64.Build.0 = Release|x64
		{F3CFEE7A-5917-4378-9415-3EB498468C42}.CI|Any CPU.ActiveCfg = CI|Any CPU
		{F3CFEE7A-5917-4378-9415-3EB498468C42}.CI|Any CPU.Build.0 = CI|Any CPU
		{F3CFEE7A-5917-4378-9415-3EB498468C42}.CI|ARM64.ActiveCfg = CI|ARM64
		{F3CFEE7A-5917-4378-9415-3EB498468C42}.CI|ARM64.Build.0 = CI|ARM64
		{F3CFEE7A-5917-4378-9415-3EB498468C42}.CI|x64.ActiveCfg = CI|x64
		{F3CFEE7A-5917-4378-9415-3EB498468C42}.CI|x64.Build.0 = CI|x64
		{F3CFEE7A-5917-4378-9415-3EB498468C42}.Debug|Any CPU.ActiveCfg = Debug|Any CPU
		{F3CFEE7A-5917-4378-9415-3EB498468C42}.Debug|Any CPU.Build.0 = Debug|Any CPU
		{F3CFEE7A-5917-4378-9415-3EB498468C42}.Debug|ARM64.ActiveCfg = Debug|ARM64
		{F3CFEE7A-5917-4378-9415-3EB498468C42}.Debug|ARM64.Build.0 = Debug|ARM64
		{F3CFEE7A-5917-4378-9415-3EB498468C42}.Debug|x64.ActiveCfg = Debug|x64
		{F3CFEE7A-5917-4378-9415-3EB498468C42}.Debug|x64.Build.0 = Debug|x64
		{F3CFEE7A-5917-4378-9415-3EB498468C42}.Release|Any CPU.ActiveCfg = Release|Any CPU
		{F3CFEE7A-5917-4378-9415-3EB498468C42}.Release|Any CPU.Build.0 = Release|Any CPU
		{F3CFEE7A-5917-4378-9415-3EB498468C42}.Release|ARM64.ActiveCfg = Release|ARM64
		{F3CFEE7A-5917-4378-9415-3EB498468C42}.Release|ARM64.Build.0 = Release|ARM64
		{F3CFEE7A-5917-4378-9415-3EB498468C42}.Release|x64.ActiveCfg = Release|x64
		{F3CFEE7A-5917-4378-9415-3EB498468C42}.Release|x64.Build.0 = Release|x64
		{A3FFE695-E184-4AA6-9FAE-F99307C476ED}.CI|Any CPU.ActiveCfg = CI|Any CPU
		{A3FFE695-E184-4AA6-9FAE-F99307C476ED}.CI|Any CPU.Build.0 = CI|Any CPU
		{A3FFE695-E184-4AA6-9FAE-F99307C476ED}.CI|ARM64.ActiveCfg = CI|ARM64
		{A3FFE695-E184-4AA6-9FAE-F99307C476ED}.CI|ARM64.Build.0 = CI|ARM64
		{A3FFE695-E184-4AA6-9FAE-F99307C476ED}.CI|x64.ActiveCfg = CI|x64
		{A3FFE695-E184-4AA6-9FAE-F99307C476ED}.CI|x64.Build.0 = CI|x64
		{A3FFE695-E184-4AA6-9FAE-F99307C476ED}.Debug|Any CPU.ActiveCfg = Debug|Any CPU
		{A3FFE695-E184-4AA6-9FAE-F99307C476ED}.Debug|Any CPU.Build.0 = Debug|Any CPU
		{A3FFE695-E184-4AA6-9FAE-F99307C476ED}.Debug|ARM64.ActiveCfg = Debug|ARM64
		{A3FFE695-E184-4AA6-9FAE-F99307C476ED}.Debug|ARM64.Build.0 = Debug|ARM64
		{A3FFE695-E184-4AA6-9FAE-F99307C476ED}.Debug|x64.ActiveCfg = Debug|x64
		{A3FFE695-E184-4AA6-9FAE-F99307C476ED}.Debug|x64.Build.0 = Debug|x64
		{A3FFE695-E184-4AA6-9FAE-F99307C476ED}.Release|Any CPU.ActiveCfg = Release|Any CPU
		{A3FFE695-E184-4AA6-9FAE-F99307C476ED}.Release|Any CPU.Build.0 = Release|Any CPU
		{A3FFE695-E184-4AA6-9FAE-F99307C476ED}.Release|ARM64.ActiveCfg = Release|ARM64
		{A3FFE695-E184-4AA6-9FAE-F99307C476ED}.Release|ARM64.Build.0 = Release|ARM64
		{A3FFE695-E184-4AA6-9FAE-F99307C476ED}.Release|x64.ActiveCfg = Release|x64
		{A3FFE695-E184-4AA6-9FAE-F99307C476ED}.Release|x64.Build.0 = Release|x64
		{96FE706D-9DDF-4D00-9D4F-CDFBC2C3A29C}.CI|Any CPU.ActiveCfg = CI|Any CPU
		{96FE706D-9DDF-4D00-9D4F-CDFBC2C3A29C}.CI|Any CPU.Build.0 = CI|Any CPU
		{96FE706D-9DDF-4D00-9D4F-CDFBC2C3A29C}.CI|ARM64.ActiveCfg = CI|ARM64
		{96FE706D-9DDF-4D00-9D4F-CDFBC2C3A29C}.CI|ARM64.Build.0 = CI|ARM64
		{96FE706D-9DDF-4D00-9D4F-CDFBC2C3A29C}.CI|x64.ActiveCfg = CI|x64
		{96FE706D-9DDF-4D00-9D4F-CDFBC2C3A29C}.CI|x64.Build.0 = CI|x64
		{96FE706D-9DDF-4D00-9D4F-CDFBC2C3A29C}.Debug|Any CPU.ActiveCfg = Debug|Any CPU
		{96FE706D-9DDF-4D00-9D4F-CDFBC2C3A29C}.Debug|Any CPU.Build.0 = Debug|Any CPU
		{96FE706D-9DDF-4D00-9D4F-CDFBC2C3A29C}.Debug|ARM64.ActiveCfg = Debug|ARM64
		{96FE706D-9DDF-4D00-9D4F-CDFBC2C3A29C}.Debug|ARM64.Build.0 = Debug|ARM64
		{96FE706D-9DDF-4D00-9D4F-CDFBC2C3A29C}.Debug|x64.ActiveCfg = Debug|x64
		{96FE706D-9DDF-4D00-9D4F-CDFBC2C3A29C}.Debug|x64.Build.0 = Debug|x64
		{96FE706D-9DDF-4D00-9D4F-CDFBC2C3A29C}.Release|Any CPU.ActiveCfg = Release|Any CPU
		{96FE706D-9DDF-4D00-9D4F-CDFBC2C3A29C}.Release|Any CPU.Build.0 = Release|Any CPU
		{96FE706D-9DDF-4D00-9D4F-CDFBC2C3A29C}.Release|ARM64.ActiveCfg = Release|ARM64
		{96FE706D-9DDF-4D00-9D4F-CDFBC2C3A29C}.Release|ARM64.Build.0 = Release|ARM64
		{96FE706D-9DDF-4D00-9D4F-CDFBC2C3A29C}.Release|x64.ActiveCfg = Release|x64
		{96FE706D-9DDF-4D00-9D4F-CDFBC2C3A29C}.Release|x64.Build.0 = Release|x64
		{E15030EB-231F-4370-B142-7C19E053007D}.CI|Any CPU.ActiveCfg = CI|Any CPU
		{E15030EB-231F-4370-B142-7C19E053007D}.CI|Any CPU.Build.0 = CI|Any CPU
		{E15030EB-231F-4370-B142-7C19E053007D}.CI|ARM64.ActiveCfg = CI|ARM64
		{E15030EB-231F-4370-B142-7C19E053007D}.CI|ARM64.Build.0 = CI|ARM64
		{E15030EB-231F-4370-B142-7C19E053007D}.CI|x64.ActiveCfg = CI|x64
		{E15030EB-231F-4370-B142-7C19E053007D}.CI|x64.Build.0 = CI|x64
		{E15030EB-231F-4370-B142-7C19E053007D}.Debug|Any CPU.ActiveCfg = Debug|Any CPU
		{E15030EB-231F-4370-B142-7C19E053007D}.Debug|Any CPU.Build.0 = Debug|Any CPU
		{E15030EB-231F-4370-B142-7C19E053007D}.Debug|ARM64.ActiveCfg = Debug|ARM64
		{E15030EB-231F-4370-B142-7C19E053007D}.Debug|ARM64.Build.0 = Debug|ARM64
		{E15030EB-231F-4370-B142-7C19E053007D}.Debug|x64.ActiveCfg = Debug|x64
		{E15030EB-231F-4370-B142-7C19E053007D}.Debug|x64.Build.0 = Debug|x64
		{E15030EB-231F-4370-B142-7C19E053007D}.Release|Any CPU.ActiveCfg = Release|Any CPU
		{E15030EB-231F-4370-B142-7C19E053007D}.Release|Any CPU.Build.0 = Release|Any CPU
		{E15030EB-231F-4370-B142-7C19E053007D}.Release|ARM64.ActiveCfg = Release|ARM64
		{E15030EB-231F-4370-B142-7C19E053007D}.Release|ARM64.Build.0 = Release|ARM64
		{E15030EB-231F-4370-B142-7C19E053007D}.Release|x64.ActiveCfg = Release|x64
		{E15030EB-231F-4370-B142-7C19E053007D}.Release|x64.Build.0 = Release|x64
		{6E4512AC-117E-4DE5-8246-C40A731CDED5}.CI|Any CPU.ActiveCfg = CI|Any CPU
		{6E4512AC-117E-4DE5-8246-C40A731CDED5}.CI|Any CPU.Build.0 = CI|Any CPU
		{6E4512AC-117E-4DE5-8246-C40A731CDED5}.CI|ARM64.ActiveCfg = CI|ARM64
		{6E4512AC-117E-4DE5-8246-C40A731CDED5}.CI|ARM64.Build.0 = CI|ARM64
		{6E4512AC-117E-4DE5-8246-C40A731CDED5}.CI|x64.ActiveCfg = CI|x64
		{6E4512AC-117E-4DE5-8246-C40A731CDED5}.CI|x64.Build.0 = CI|x64
		{6E4512AC-117E-4DE5-8246-C40A731CDED5}.Debug|Any CPU.ActiveCfg = Debug|Any CPU
		{6E4512AC-117E-4DE5-8246-C40A731CDED5}.Debug|Any CPU.Build.0 = Debug|Any CPU
		{6E4512AC-117E-4DE5-8246-C40A731CDED5}.Debug|ARM64.ActiveCfg = Debug|ARM64
		{6E4512AC-117E-4DE5-8246-C40A731CDED5}.Debug|ARM64.Build.0 = Debug|ARM64
		{6E4512AC-117E-4DE5-8246-C40A731CDED5}.Debug|x64.ActiveCfg = Debug|x64
		{6E4512AC-117E-4DE5-8246-C40A731CDED5}.Debug|x64.Build.0 = Debug|x64
		{6E4512AC-117E-4DE5-8246-C40A731CDED5}.Release|Any CPU.ActiveCfg = Release|Any CPU
		{6E4512AC-117E-4DE5-8246-C40A731CDED5}.Release|Any CPU.Build.0 = Release|Any CPU
		{6E4512AC-117E-4DE5-8246-C40A731CDED5}.Release|ARM64.ActiveCfg = Release|ARM64
		{6E4512AC-117E-4DE5-8246-C40A731CDED5}.Release|ARM64.Build.0 = Release|ARM64
		{6E4512AC-117E-4DE5-8246-C40A731CDED5}.Release|x64.ActiveCfg = Release|x64
		{6E4512AC-117E-4DE5-8246-C40A731CDED5}.Release|x64.Build.0 = Release|x64
		{28875303-B400-41C6-9A52-6C2E7590533D}.CI|Any CPU.ActiveCfg = CI|Any CPU
		{28875303-B400-41C6-9A52-6C2E7590533D}.CI|Any CPU.Build.0 = CI|Any CPU
		{28875303-B400-41C6-9A52-6C2E7590533D}.CI|ARM64.ActiveCfg = CI|ARM64
		{28875303-B400-41C6-9A52-6C2E7590533D}.CI|ARM64.Build.0 = CI|ARM64
		{28875303-B400-41C6-9A52-6C2E7590533D}.CI|x64.ActiveCfg = CI|x64
		{28875303-B400-41C6-9A52-6C2E7590533D}.CI|x64.Build.0 = CI|x64
		{28875303-B400-41C6-9A52-6C2E7590533D}.Debug|Any CPU.ActiveCfg = Debug|Any CPU
		{28875303-B400-41C6-9A52-6C2E7590533D}.Debug|Any CPU.Build.0 = Debug|Any CPU
		{28875303-B400-41C6-9A52-6C2E7590533D}.Debug|ARM64.ActiveCfg = Debug|ARM64
		{28875303-B400-41C6-9A52-6C2E7590533D}.Debug|ARM64.Build.0 = Debug|ARM64
		{28875303-B400-41C6-9A52-6C2E7590533D}.Debug|x64.ActiveCfg = Debug|x64
		{28875303-B400-41C6-9A52-6C2E7590533D}.Debug|x64.Build.0 = Debug|x64
		{28875303-B400-41C6-9A52-6C2E7590533D}.Release|Any CPU.ActiveCfg = Release|Any CPU
		{28875303-B400-41C6-9A52-6C2E7590533D}.Release|Any CPU.Build.0 = Release|Any CPU
		{28875303-B400-41C6-9A52-6C2E7590533D}.Release|ARM64.ActiveCfg = Release|ARM64
		{28875303-B400-41C6-9A52-6C2E7590533D}.Release|ARM64.Build.0 = Release|ARM64
		{28875303-B400-41C6-9A52-6C2E7590533D}.Release|x64.ActiveCfg = Release|x64
		{28875303-B400-41C6-9A52-6C2E7590533D}.Release|x64.Build.0 = Release|x64
		{B8194012-9350-41FC-8C17-701B556704E5}.CI|Any CPU.ActiveCfg = CI|Any CPU
		{B8194012-9350-41FC-8C17-701B556704E5}.CI|Any CPU.Build.0 = CI|Any CPU
		{B8194012-9350-41FC-8C17-701B556704E5}.CI|ARM64.ActiveCfg = CI|ARM64
		{B8194012-9350-41FC-8C17-701B556704E5}.CI|ARM64.Build.0 = CI|ARM64
		{B8194012-9350-41FC-8C17-701B556704E5}.CI|x64.ActiveCfg = CI|x64
		{B8194012-9350-41FC-8C17-701B556704E5}.CI|x64.Build.0 = CI|x64
		{B8194012-9350-41FC-8C17-701B556704E5}.Debug|Any CPU.ActiveCfg = Debug|Any CPU
		{B8194012-9350-41FC-8C17-701B556704E5}.Debug|Any CPU.Build.0 = Debug|Any CPU
		{B8194012-9350-41FC-8C17-701B556704E5}.Debug|ARM64.ActiveCfg = Debug|ARM64
		{B8194012-9350-41FC-8C17-701B556704E5}.Debug|ARM64.Build.0 = Debug|ARM64
		{B8194012-9350-41FC-8C17-701B556704E5}.Debug|x64.ActiveCfg = Debug|x64
		{B8194012-9350-41FC-8C17-701B556704E5}.Debug|x64.Build.0 = Debug|x64
		{B8194012-9350-41FC-8C17-701B556704E5}.Release|Any CPU.ActiveCfg = Release|Any CPU
		{B8194012-9350-41FC-8C17-701B556704E5}.Release|Any CPU.Build.0 = Release|Any CPU
		{B8194012-9350-41FC-8C17-701B556704E5}.Release|ARM64.ActiveCfg = Release|ARM64
		{B8194012-9350-41FC-8C17-701B556704E5}.Release|ARM64.Build.0 = Release|ARM64
		{B8194012-9350-41FC-8C17-701B556704E5}.Release|x64.ActiveCfg = Release|x64
		{B8194012-9350-41FC-8C17-701B556704E5}.Release|x64.Build.0 = Release|x64
		{AF1FD92C-46FD-4F87-BC34-7F49CEFE12DE}.CI|Any CPU.ActiveCfg = CI|Any CPU
		{AF1FD92C-46FD-4F87-BC34-7F49CEFE12DE}.CI|Any CPU.Build.0 = CI|Any CPU
		{AF1FD92C-46FD-4F87-BC34-7F49CEFE12DE}.CI|ARM64.ActiveCfg = CI|ARM64
		{AF1FD92C-46FD-4F87-BC34-7F49CEFE12DE}.CI|ARM64.Build.0 = CI|ARM64
		{AF1FD92C-46FD-4F87-BC34-7F49CEFE12DE}.CI|x64.ActiveCfg = CI|x64
		{AF1FD92C-46FD-4F87-BC34-7F49CEFE12DE}.Debug|Any CPU.ActiveCfg = Debug|Any CPU
		{AF1FD92C-46FD-4F87-BC34-7F49CEFE12DE}.Debug|ARM64.ActiveCfg = Debug|ARM64
		{AF1FD92C-46FD-4F87-BC34-7F49CEFE12DE}.Debug|x64.ActiveCfg = Debug|x64
		{AF1FD92C-46FD-4F87-BC34-7F49CEFE12DE}.Debug|x64.Build.0 = Debug|x64
		{AF1FD92C-46FD-4F87-BC34-7F49CEFE12DE}.Release|Any CPU.ActiveCfg = Release|Any CPU
		{AF1FD92C-46FD-4F87-BC34-7F49CEFE12DE}.Release|ARM64.ActiveCfg = Release|ARM64
		{AF1FD92C-46FD-4F87-BC34-7F49CEFE12DE}.Release|x64.ActiveCfg = Release|x64
		{AF1FD92C-46FD-4F87-BC34-7F49CEFE12DE}.Release|x64.Build.0 = Release|x64
		{3FB6E7CB-128F-4CDC-A203-A22638B75B44}.CI|Any CPU.ActiveCfg = CI|Any CPU
		{3FB6E7CB-128F-4CDC-A203-A22638B75B44}.CI|Any CPU.Build.0 = CI|Any CPU
		{3FB6E7CB-128F-4CDC-A203-A22638B75B44}.CI|ARM64.ActiveCfg = CI|ARM64
		{3FB6E7CB-128F-4CDC-A203-A22638B75B44}.CI|ARM64.Build.0 = CI|ARM64
		{3FB6E7CB-128F-4CDC-A203-A22638B75B44}.CI|x64.ActiveCfg = CI|x64
		{3FB6E7CB-128F-4CDC-A203-A22638B75B44}.Debug|Any CPU.ActiveCfg = Debug|Any CPU
		{3FB6E7CB-128F-4CDC-A203-A22638B75B44}.Debug|ARM64.ActiveCfg = Debug|ARM64
		{3FB6E7CB-128F-4CDC-A203-A22638B75B44}.Debug|x64.ActiveCfg = Debug|x64
		{3FB6E7CB-128F-4CDC-A203-A22638B75B44}.Debug|x64.Build.0 = Debug|x64
		{3FB6E7CB-128F-4CDC-A203-A22638B75B44}.Release|Any CPU.ActiveCfg = Release|Any CPU
		{3FB6E7CB-128F-4CDC-A203-A22638B75B44}.Release|ARM64.ActiveCfg = Release|ARM64
		{3FB6E7CB-128F-4CDC-A203-A22638B75B44}.Release|x64.ActiveCfg = Release|x64
		{3FB6E7CB-128F-4CDC-A203-A22638B75B44}.Release|x64.Build.0 = Release|x64
		{DC6C8443-CFE2-436A-BA2A-00B7E6CF10C0}.CI|Any CPU.ActiveCfg = CI|Any CPU
		{DC6C8443-CFE2-436A-BA2A-00B7E6CF10C0}.CI|Any CPU.Build.0 = CI|Any CPU
		{DC6C8443-CFE2-436A-BA2A-00B7E6CF10C0}.CI|ARM64.ActiveCfg = CI|ARM64
		{DC6C8443-CFE2-436A-BA2A-00B7E6CF10C0}.CI|ARM64.Build.0 = CI|ARM64
		{DC6C8443-CFE2-436A-BA2A-00B7E6CF10C0}.CI|x64.ActiveCfg = CI|x64
		{DC6C8443-CFE2-436A-BA2A-00B7E6CF10C0}.Debug|Any CPU.ActiveCfg = Debug|Any CPU
		{DC6C8443-CFE2-436A-BA2A-00B7E6CF10C0}.Debug|ARM64.ActiveCfg = Debug|ARM64
		{DC6C8443-CFE2-436A-BA2A-00B7E6CF10C0}.Debug|x64.ActiveCfg = Debug|x64
		{DC6C8443-CFE2-436A-BA2A-00B7E6CF10C0}.Debug|x64.Build.0 = Debug|x64
		{DC6C8443-CFE2-436A-BA2A-00B7E6CF10C0}.Release|Any CPU.ActiveCfg = Release|Any CPU
		{DC6C8443-CFE2-436A-BA2A-00B7E6CF10C0}.Release|ARM64.ActiveCfg = Release|ARM64
		{DC6C8443-CFE2-436A-BA2A-00B7E6CF10C0}.Release|x64.ActiveCfg = Release|x64
		{D229CEAF-22B8-4F41-9424-1097499DB0FE}.CI|Any CPU.ActiveCfg = CI|Any CPU
		{D229CEAF-22B8-4F41-9424-1097499DB0FE}.CI|Any CPU.Build.0 = CI|Any CPU
		{D229CEAF-22B8-4F41-9424-1097499DB0FE}.CI|ARM64.ActiveCfg = CI|ARM64
		{D229CEAF-22B8-4F41-9424-1097499DB0FE}.CI|ARM64.Build.0 = CI|ARM64
		{D229CEAF-22B8-4F41-9424-1097499DB0FE}.CI|x64.ActiveCfg = CI|x64
		{D229CEAF-22B8-4F41-9424-1097499DB0FE}.Debug|Any CPU.ActiveCfg = Debug|Any CPU
		{D229CEAF-22B8-4F41-9424-1097499DB0FE}.Debug|ARM64.ActiveCfg = Debug|ARM64
		{D229CEAF-22B8-4F41-9424-1097499DB0FE}.Debug|x64.ActiveCfg = Debug|x64
		{D229CEAF-22B8-4F41-9424-1097499DB0FE}.Debug|x64.Build.0 = Debug|x64
		{D229CEAF-22B8-4F41-9424-1097499DB0FE}.Release|Any CPU.ActiveCfg = Release|Any CPU
		{D229CEAF-22B8-4F41-9424-1097499DB0FE}.Release|ARM64.ActiveCfg = Release|ARM64
		{D229CEAF-22B8-4F41-9424-1097499DB0FE}.Release|x64.ActiveCfg = Release|x64
		{D229CEAF-22B8-4F41-9424-1097499DB0FE}.Release|x64.Build.0 = Release|x64
		{09FB5353-4BCD-496C-A179-6F16F150CD78}.CI|x64.ActiveCfg = CI|x64
		{09FB5353-4BCD-496C-A179-6F16F150CD78}.CI|x64.Build.0 = CI|x64
		{09FB5353-4BCD-496C-A179-6F16F150CD78}.Debug|x64.ActiveCfg = Debug|x64
		{09FB5353-4BCD-496C-A179-6F16F150CD78}.Debug|x64.Build.0 = Debug|x64
		{09FB5353-4BCD-496C-A179-6F16F150CD78}.Release|x64.ActiveCfg = Release|x64
		{09FB5353-4BCD-496C-A179-6F16F150CD78}.Release|x64.Build.0 = Release|x64
		{09FB5353-4BCD-496C-A179-6F16F150CD78}.CI|Any CPU.ActiveCfg = CI|x64
		{09FB5353-4BCD-496C-A179-6F16F150CD78}.CI|Any CPU.Build.0 = CI|x64
		{09FB5353-4BCD-496C-A179-6F16F150CD78}.CI|ARM64.ActiveCfg = CI|x64
		{09FB5353-4BCD-496C-A179-6F16F150CD78}.CI|ARM64.Build.0 = CI|x64
		{09FB5353-4BCD-496C-A179-6F16F150CD78}.Debug|Any CPU.ActiveCfg = Debug|x64
		{09FB5353-4BCD-496C-A179-6F16F150CD78}.Debug|ARM64.ActiveCfg = Debug|x64
		{09FB5353-4BCD-496C-A179-6F16F150CD78}.Release|Any CPU.ActiveCfg = Release|x64
		{09FB5353-4BCD-496C-A179-6F16F150CD78}.Release|ARM64.ActiveCfg = Release|x64
		{ED93E46D-19C0-4A0C-9091-EFBDDDE8D251}.CI|Any CPU.ActiveCfg = CI|Any CPU
		{ED93E46D-19C0-4A0C-9091-EFBDDDE8D251}.CI|Any CPU.Build.0 = CI|Any CPU
		{ED93E46D-19C0-4A0C-9091-EFBDDDE8D251}.CI|ARM64.ActiveCfg = CI|ARM64
		{ED93E46D-19C0-4A0C-9091-EFBDDDE8D251}.CI|ARM64.Build.0 = CI|ARM64
		{ED93E46D-19C0-4A0C-9091-EFBDDDE8D251}.CI|x64.ActiveCfg = CI|x64
		{ED93E46D-19C0-4A0C-9091-EFBDDDE8D251}.CI|x64.Build.0 = CI|x64
		{ED93E46D-19C0-4A0C-9091-EFBDDDE8D251}.Debug|Any CPU.ActiveCfg = Debug|Any CPU
		{ED93E46D-19C0-4A0C-9091-EFBDDDE8D251}.Debug|Any CPU.Build.0 = Debug|Any CPU
		{ED93E46D-19C0-4A0C-9091-EFBDDDE8D251}.Debug|ARM64.ActiveCfg = Debug|ARM64
		{ED93E46D-19C0-4A0C-9091-EFBDDDE8D251}.Debug|ARM64.Build.0 = Debug|ARM64
		{ED93E46D-19C0-4A0C-9091-EFBDDDE8D251}.Debug|x64.ActiveCfg = Debug|x64
		{ED93E46D-19C0-4A0C-9091-EFBDDDE8D251}.Debug|x64.Build.0 = Debug|x64
		{ED93E46D-19C0-4A0C-9091-EFBDDDE8D251}.Release|Any CPU.ActiveCfg = Release|Any CPU
		{ED93E46D-19C0-4A0C-9091-EFBDDDE8D251}.Release|Any CPU.Build.0 = Release|Any CPU
		{ED93E46D-19C0-4A0C-9091-EFBDDDE8D251}.Release|ARM64.ActiveCfg = Release|ARM64
		{ED93E46D-19C0-4A0C-9091-EFBDDDE8D251}.Release|ARM64.Build.0 = Release|ARM64
		{ED93E46D-19C0-4A0C-9091-EFBDDDE8D251}.Release|x64.ActiveCfg = Release|x64
		{ED93E46D-19C0-4A0C-9091-EFBDDDE8D251}.Release|x64.Build.0 = Release|x64
		{624999A8-4C15-4989-99A1-0043448164FE}.CI|Any CPU.ActiveCfg = CI|Any CPU
		{624999A8-4C15-4989-99A1-0043448164FE}.CI|Any CPU.Build.0 = CI|Any CPU
		{624999A8-4C15-4989-99A1-0043448164FE}.CI|ARM64.ActiveCfg = CI|ARM64
		{624999A8-4C15-4989-99A1-0043448164FE}.CI|ARM64.Build.0 = CI|ARM64
		{624999A8-4C15-4989-99A1-0043448164FE}.CI|x64.ActiveCfg = CI|x64
		{624999A8-4C15-4989-99A1-0043448164FE}.CI|x64.Build.0 = CI|x64
		{624999A8-4C15-4989-99A1-0043448164FE}.Debug|Any CPU.ActiveCfg = Debug|Any CPU
		{624999A8-4C15-4989-99A1-0043448164FE}.Debug|Any CPU.Build.0 = Debug|Any CPU
		{624999A8-4C15-4989-99A1-0043448164FE}.Debug|ARM64.ActiveCfg = Debug|ARM64
		{624999A8-4C15-4989-99A1-0043448164FE}.Debug|ARM64.Build.0 = Debug|ARM64
		{624999A8-4C15-4989-99A1-0043448164FE}.Debug|x64.ActiveCfg = Debug|x64
		{624999A8-4C15-4989-99A1-0043448164FE}.Debug|x64.Build.0 = Debug|x64
		{624999A8-4C15-4989-99A1-0043448164FE}.Release|Any CPU.ActiveCfg = Release|Any CPU
		{624999A8-4C15-4989-99A1-0043448164FE}.Release|Any CPU.Build.0 = Release|Any CPU
		{624999A8-4C15-4989-99A1-0043448164FE}.Release|ARM64.ActiveCfg = Release|ARM64
		{624999A8-4C15-4989-99A1-0043448164FE}.Release|ARM64.Build.0 = Release|ARM64
		{624999A8-4C15-4989-99A1-0043448164FE}.Release|x64.ActiveCfg = Release|x64
		{624999A8-4C15-4989-99A1-0043448164FE}.Release|x64.Build.0 = Release|x64
		{1600DE84-B677-420B-90E4-EBDB1C5EA6B9}.CI|Any CPU.ActiveCfg = CI|Any CPU
		{1600DE84-B677-420B-90E4-EBDB1C5EA6B9}.CI|Any CPU.Build.0 = CI|Any CPU
		{1600DE84-B677-420B-90E4-EBDB1C5EA6B9}.CI|ARM64.ActiveCfg = CI|ARM64
		{1600DE84-B677-420B-90E4-EBDB1C5EA6B9}.CI|ARM64.Build.0 = CI|ARM64
		{1600DE84-B677-420B-90E4-EBDB1C5EA6B9}.CI|x64.ActiveCfg = CI|x64
		{1600DE84-B677-420B-90E4-EBDB1C5EA6B9}.CI|x64.Build.0 = CI|x64
		{1600DE84-B677-420B-90E4-EBDB1C5EA6B9}.Debug|Any CPU.ActiveCfg = Debug|Any CPU
		{1600DE84-B677-420B-90E4-EBDB1C5EA6B9}.Debug|Any CPU.Build.0 = Debug|Any CPU
		{1600DE84-B677-420B-90E4-EBDB1C5EA6B9}.Debug|ARM64.ActiveCfg = Debug|ARM64
		{1600DE84-B677-420B-90E4-EBDB1C5EA6B9}.Debug|ARM64.Build.0 = Debug|ARM64
		{1600DE84-B677-420B-90E4-EBDB1C5EA6B9}.Debug|x64.ActiveCfg = Debug|x64
		{1600DE84-B677-420B-90E4-EBDB1C5EA6B9}.Debug|x64.Build.0 = Debug|x64
		{1600DE84-B677-420B-90E4-EBDB1C5EA6B9}.Release|Any CPU.ActiveCfg = Release|Any CPU
		{1600DE84-B677-420B-90E4-EBDB1C5EA6B9}.Release|Any CPU.Build.0 = Release|Any CPU
		{1600DE84-B677-420B-90E4-EBDB1C5EA6B9}.Release|ARM64.ActiveCfg = Release|ARM64
		{1600DE84-B677-420B-90E4-EBDB1C5EA6B9}.Release|ARM64.Build.0 = Release|ARM64
		{1600DE84-B677-420B-90E4-EBDB1C5EA6B9}.Release|x64.ActiveCfg = Release|x64
		{1600DE84-B677-420B-90E4-EBDB1C5EA6B9}.Release|x64.Build.0 = Release|x64
		{E42D6B81-E996-4A50-9F9B-101E46E20881}.CI|Any CPU.ActiveCfg = CI|Any CPU
		{E42D6B81-E996-4A50-9F9B-101E46E20881}.CI|Any CPU.Build.0 = CI|Any CPU
		{E42D6B81-E996-4A50-9F9B-101E46E20881}.CI|ARM64.ActiveCfg = CI|ARM64
		{E42D6B81-E996-4A50-9F9B-101E46E20881}.CI|ARM64.Build.0 = CI|ARM64
		{E42D6B81-E996-4A50-9F9B-101E46E20881}.CI|x64.ActiveCfg = CI|x64
		{E42D6B81-E996-4A50-9F9B-101E46E20881}.CI|x64.Build.0 = CI|x64
		{E42D6B81-E996-4A50-9F9B-101E46E20881}.Debug|Any CPU.ActiveCfg = Debug|Any CPU
		{E42D6B81-E996-4A50-9F9B-101E46E20881}.Debug|Any CPU.Build.0 = Debug|Any CPU
		{E42D6B81-E996-4A50-9F9B-101E46E20881}.Debug|ARM64.ActiveCfg = Debug|ARM64
		{E42D6B81-E996-4A50-9F9B-101E46E20881}.Debug|ARM64.Build.0 = Debug|ARM64
		{E42D6B81-E996-4A50-9F9B-101E46E20881}.Debug|x64.ActiveCfg = Debug|x64
		{E42D6B81-E996-4A50-9F9B-101E46E20881}.Debug|x64.Build.0 = Debug|x64
		{E42D6B81-E996-4A50-9F9B-101E46E20881}.Release|Any CPU.ActiveCfg = Release|Any CPU
		{E42D6B81-E996-4A50-9F9B-101E46E20881}.Release|Any CPU.Build.0 = Release|Any CPU
		{E42D6B81-E996-4A50-9F9B-101E46E20881}.Release|ARM64.ActiveCfg = Release|ARM64
		{E42D6B81-E996-4A50-9F9B-101E46E20881}.Release|ARM64.Build.0 = Release|ARM64
		{E42D6B81-E996-4A50-9F9B-101E46E20881}.Release|x64.ActiveCfg = Release|x64
		{E42D6B81-E996-4A50-9F9B-101E46E20881}.Release|x64.Build.0 = Release|x64
		{5DEF96A1-D77B-4B15-9A4B-95055E960EBC}.CI|Any CPU.ActiveCfg = CI|Any CPU
		{5DEF96A1-D77B-4B15-9A4B-95055E960EBC}.CI|Any CPU.Build.0 = CI|Any CPU
		{5DEF96A1-D77B-4B15-9A4B-95055E960EBC}.CI|ARM64.ActiveCfg = CI|ARM64
		{5DEF96A1-D77B-4B15-9A4B-95055E960EBC}.CI|ARM64.Build.0 = CI|ARM64
		{5DEF96A1-D77B-4B15-9A4B-95055E960EBC}.CI|x64.ActiveCfg = CI|x64
		{5DEF96A1-D77B-4B15-9A4B-95055E960EBC}.CI|x64.Build.0 = CI|x64
		{5DEF96A1-D77B-4B15-9A4B-95055E960EBC}.Debug|Any CPU.ActiveCfg = Debug|Any CPU
		{5DEF96A1-D77B-4B15-9A4B-95055E960EBC}.Debug|Any CPU.Build.0 = Debug|Any CPU
		{5DEF96A1-D77B-4B15-9A4B-95055E960EBC}.Debug|ARM64.ActiveCfg = Debug|ARM64
		{5DEF96A1-D77B-4B15-9A4B-95055E960EBC}.Debug|ARM64.Build.0 = Debug|ARM64
		{5DEF96A1-D77B-4B15-9A4B-95055E960EBC}.Debug|x64.ActiveCfg = Debug|x64
		{5DEF96A1-D77B-4B15-9A4B-95055E960EBC}.Debug|x64.Build.0 = Debug|x64
		{5DEF96A1-D77B-4B15-9A4B-95055E960EBC}.Release|Any CPU.ActiveCfg = Release|Any CPU
		{5DEF96A1-D77B-4B15-9A4B-95055E960EBC}.Release|Any CPU.Build.0 = Release|Any CPU
		{5DEF96A1-D77B-4B15-9A4B-95055E960EBC}.Release|ARM64.ActiveCfg = Release|ARM64
		{5DEF96A1-D77B-4B15-9A4B-95055E960EBC}.Release|ARM64.Build.0 = Release|ARM64
		{5DEF96A1-D77B-4B15-9A4B-95055E960EBC}.Release|x64.ActiveCfg = Release|x64
		{5DEF96A1-D77B-4B15-9A4B-95055E960EBC}.Release|x64.Build.0 = Release|x64
		{0DD60996-092E-4764-86D5-9C26E4A70A7F}.CI|Any CPU.ActiveCfg = CI|Any CPU
		{0DD60996-092E-4764-86D5-9C26E4A70A7F}.CI|Any CPU.Build.0 = CI|Any CPU
		{0DD60996-092E-4764-86D5-9C26E4A70A7F}.CI|ARM64.ActiveCfg = CI|ARM64
		{0DD60996-092E-4764-86D5-9C26E4A70A7F}.CI|ARM64.Build.0 = CI|ARM64
		{0DD60996-092E-4764-86D5-9C26E4A70A7F}.CI|x64.ActiveCfg = CI|x64
		{0DD60996-092E-4764-86D5-9C26E4A70A7F}.CI|x64.Build.0 = CI|x64
		{0DD60996-092E-4764-86D5-9C26E4A70A7F}.Debug|Any CPU.ActiveCfg = Debug|Any CPU
		{0DD60996-092E-4764-86D5-9C26E4A70A7F}.Debug|Any CPU.Build.0 = Debug|Any CPU
		{0DD60996-092E-4764-86D5-9C26E4A70A7F}.Debug|ARM64.ActiveCfg = Debug|ARM64
		{0DD60996-092E-4764-86D5-9C26E4A70A7F}.Debug|ARM64.Build.0 = Debug|ARM64
		{0DD60996-092E-4764-86D5-9C26E4A70A7F}.Release|Any CPU.ActiveCfg = Release|Any CPU
		{0DD60996-092E-4764-86D5-9C26E4A70A7F}.Release|Any CPU.Build.0 = Release|Any CPU
		{0DD60996-092E-4764-86D5-9C26E4A70A7F}.Release|ARM64.ActiveCfg = Release|ARM64
		{0DD60996-092E-4764-86D5-9C26E4A70A7F}.Release|ARM64.Build.0 = Release|ARM64
		{0DD60996-092E-4764-86D5-9C26E4A70A7F}.Debug|x64.ActiveCfg = Debug|x64
		{0DD60996-092E-4764-86D5-9C26E4A70A7F}.Debug|x64.Build.0 = Debug|x64
		{0DD60996-092E-4764-86D5-9C26E4A70A7F}.Release|x64.ActiveCfg = Release|x64
		{0DD60996-092E-4764-86D5-9C26E4A70A7F}.Release|x64.Build.0 = Release|x64
		{361E07A5-067C-49EE-8E6B-57C89D7F9BB2}.CI|Any CPU.ActiveCfg = CI|Any CPU
		{361E07A5-067C-49EE-8E6B-57C89D7F9BB2}.CI|Any CPU.Build.0 = CI|Any CPU
		{361E07A5-067C-49EE-8E6B-57C89D7F9BB2}.CI|ARM64.ActiveCfg = CI|ARM64
		{361E07A5-067C-49EE-8E6B-57C89D7F9BB2}.CI|ARM64.Build.0 = CI|ARM64
		{361E07A5-067C-49EE-8E6B-57C89D7F9BB2}.CI|x64.ActiveCfg = CI|x64
		{361E07A5-067C-49EE-8E6B-57C89D7F9BB2}.CI|x64.Build.0 = CI|x64
		{361E07A5-067C-49EE-8E6B-57C89D7F9BB2}.Debug|Any CPU.ActiveCfg = Debug|Any CPU
		{361E07A5-067C-49EE-8E6B-57C89D7F9BB2}.Debug|Any CPU.Build.0 = Debug|Any CPU
		{361E07A5-067C-49EE-8E6B-57C89D7F9BB2}.Debug|ARM64.ActiveCfg = Debug|ARM64
		{361E07A5-067C-49EE-8E6B-57C89D7F9BB2}.Debug|ARM64.Build.0 = Debug|ARM64
		{361E07A5-067C-49EE-8E6B-57C89D7F9BB2}.Release|Any CPU.ActiveCfg = Release|Any CPU
		{361E07A5-067C-49EE-8E6B-57C89D7F9BB2}.Release|Any CPU.Build.0 = Release|Any CPU
		{361E07A5-067C-49EE-8E6B-57C89D7F9BB2}.Release|ARM64.ActiveCfg = Release|ARM64
		{361E07A5-067C-49EE-8E6B-57C89D7F9BB2}.Release|ARM64.Build.0 = Release|ARM64
		{361E07A5-067C-49EE-8E6B-57C89D7F9BB2}.Debug|x64.ActiveCfg = Debug|x64
		{361E07A5-067C-49EE-8E6B-57C89D7F9BB2}.Debug|x64.Build.0 = Debug|x64
		{361E07A5-067C-49EE-8E6B-57C89D7F9BB2}.Release|x64.ActiveCfg = Release|x64
		{361E07A5-067C-49EE-8E6B-57C89D7F9BB2}.Release|x64.Build.0 = Release|x64
		{95BD111C-1058-49CC-B4A2-F905768211A8}.CI|Any CPU.ActiveCfg = CI|Any CPU
		{95BD111C-1058-49CC-B4A2-F905768211A8}.CI|Any CPU.Build.0 = CI|Any CPU
		{95BD111C-1058-49CC-B4A2-F905768211A8}.CI|ARM64.ActiveCfg = CI|ARM64
		{95BD111C-1058-49CC-B4A2-F905768211A8}.CI|ARM64.Build.0 = CI|ARM64
		{95BD111C-1058-49CC-B4A2-F905768211A8}.CI|x64.ActiveCfg = CI|x64
		{95BD111C-1058-49CC-B4A2-F905768211A8}.CI|x64.Build.0 = CI|x64
		{95BD111C-1058-49CC-B4A2-F905768211A8}.Debug|Any CPU.ActiveCfg = Debug|Any CPU
		{95BD111C-1058-49CC-B4A2-F905768211A8}.Debug|Any CPU.Build.0 = Debug|Any CPU
		{95BD111C-1058-49CC-B4A2-F905768211A8}.Debug|ARM64.ActiveCfg = Debug|ARM64
		{95BD111C-1058-49CC-B4A2-F905768211A8}.Debug|ARM64.Build.0 = Debug|ARM64
		{95BD111C-1058-49CC-B4A2-F905768211A8}.Debug|x64.ActiveCfg = Debug|x64
		{95BD111C-1058-49CC-B4A2-F905768211A8}.Debug|x64.Build.0 = Debug|x64
		{95BD111C-1058-49CC-B4A2-F905768211A8}.Release|Any CPU.ActiveCfg = Release|Any CPU
		{95BD111C-1058-49CC-B4A2-F905768211A8}.Release|Any CPU.Build.0 = Release|Any CPU
		{95BD111C-1058-49CC-B4A2-F905768211A8}.Release|ARM64.ActiveCfg = Release|ARM64
		{95BD111C-1058-49CC-B4A2-F905768211A8}.Release|ARM64.Build.0 = Release|ARM64
		{95BD111C-1058-49CC-B4A2-F905768211A8}.Release|x64.ActiveCfg = Release|x64
		{95BD111C-1058-49CC-B4A2-F905768211A8}.Release|x64.Build.0 = Release|x64
		{A47FA61B-05C6-4126-8EC6-5F1325191FFA}.CI|Any CPU.ActiveCfg = CI|Any CPU
		{A47FA61B-05C6-4126-8EC6-5F1325191FFA}.CI|Any CPU.Build.0 = CI|Any CPU
		{A47FA61B-05C6-4126-8EC6-5F1325191FFA}.CI|ARM64.ActiveCfg = CI|ARM64
		{A47FA61B-05C6-4126-8EC6-5F1325191FFA}.CI|ARM64.Build.0 = CI|ARM64
		{A47FA61B-05C6-4126-8EC6-5F1325191FFA}.CI|x64.ActiveCfg = CI|x64
		{A47FA61B-05C6-4126-8EC6-5F1325191FFA}.CI|x64.Build.0 = CI|x64
		{A47FA61B-05C6-4126-8EC6-5F1325191FFA}.Debug|Any CPU.ActiveCfg = Debug|Any CPU
		{A47FA61B-05C6-4126-8EC6-5F1325191FFA}.Debug|Any CPU.Build.0 = Debug|Any CPU
		{A47FA61B-05C6-4126-8EC6-5F1325191FFA}.Debug|ARM64.ActiveCfg = Debug|ARM64
		{A47FA61B-05C6-4126-8EC6-5F1325191FFA}.Debug|ARM64.Build.0 = Debug|ARM64
		{A47FA61B-05C6-4126-8EC6-5F1325191FFA}.Debug|x64.ActiveCfg = Debug|x64
		{A47FA61B-05C6-4126-8EC6-5F1325191FFA}.Debug|x64.Build.0 = Debug|x64
		{A47FA61B-05C6-4126-8EC6-5F1325191FFA}.Release|Any CPU.ActiveCfg = Release|Any CPU
		{A47FA61B-05C6-4126-8EC6-5F1325191FFA}.Release|Any CPU.Build.0 = Release|Any CPU
		{A47FA61B-05C6-4126-8EC6-5F1325191FFA}.Release|ARM64.ActiveCfg = Release|ARM64
		{A47FA61B-05C6-4126-8EC6-5F1325191FFA}.Release|ARM64.Build.0 = Release|ARM64
		{A47FA61B-05C6-4126-8EC6-5F1325191FFA}.Release|x64.ActiveCfg = Release|x64
		{A47FA61B-05C6-4126-8EC6-5F1325191FFA}.Release|x64.Build.0 = Release|x64
		{AE1AA5F3-95BD-4069-BD51-BC9BA76288C1}.Debug|Any CPU.ActiveCfg = Debug|Any CPU
		{AE1AA5F3-95BD-4069-BD51-BC9BA76288C1}.Debug|Any CPU.Build.0 = Debug|Any CPU
		{AE1AA5F3-95BD-4069-BD51-BC9BA76288C1}.Debug|ARM64.ActiveCfg = Debug|ARM64
		{AE1AA5F3-95BD-4069-BD51-BC9BA76288C1}.Debug|ARM64.Build.0 = Debug|ARM64
		{AE1AA5F3-95BD-4069-BD51-BC9BA76288C1}.Debug|x64.ActiveCfg = Debug|x64
		{AE1AA5F3-95BD-4069-BD51-BC9BA76288C1}.Debug|x64.Build.0 = Debug|x64
		{AE1AA5F3-95BD-4069-BD51-BC9BA76288C1}.Release|Any CPU.ActiveCfg = Release|Any CPU
		{AE1AA5F3-95BD-4069-BD51-BC9BA76288C1}.Release|Any CPU.Build.0 = Release|Any CPU
		{AE1AA5F3-95BD-4069-BD51-BC9BA76288C1}.Release|ARM64.ActiveCfg = Release|ARM64
		{AE1AA5F3-95BD-4069-BD51-BC9BA76288C1}.Release|ARM64.Build.0 = Release|ARM64
		{AE1AA5F3-95BD-4069-BD51-BC9BA76288C1}.Release|x64.ActiveCfg = Release|x64
		{AE1AA5F3-95BD-4069-BD51-BC9BA76288C1}.Release|x64.Build.0 = Release|x64
		{AE1AA5F3-95BD-4069-BD51-BC9BA76288C1}.CI|x64.ActiveCfg = CI|x64
		{AE1AA5F3-95BD-4069-BD51-BC9BA76288C1}.CI|x64.Build.0 = CI|x64
		{AE1AA5F3-95BD-4069-BD51-BC9BA76288C1}.CI|Any CPU.ActiveCfg = CI|Any CPU
		{AE1AA5F3-95BD-4069-BD51-BC9BA76288C1}.CI|ARM64.ActiveCfg = CI|ARM64
		{AD169C3A-BBC3-47EB-8C05-EC95BF5F40FB}.Debug|Any CPU.ActiveCfg = Debug|Any CPU
		{AD169C3A-BBC3-47EB-8C05-EC95BF5F40FB}.Debug|Any CPU.Build.0 = Debug|Any CPU
		{AD169C3A-BBC3-47EB-8C05-EC95BF5F40FB}.Release|Any CPU.ActiveCfg = Release|Any CPU
		{AD169C3A-BBC3-47EB-8C05-EC95BF5F40FB}.Release|Any CPU.Build.0 = Release|Any CPU
		{AD169C3A-BBC3-47EB-8C05-EC95BF5F40FB}.CI|Any CPU.ActiveCfg = CI|Any CPU
		{AD169C3A-BBC3-47EB-8C05-EC95BF5F40FB}.Release|x64.ActiveCfg = Release|Any CPU
		{AD169C3A-BBC3-47EB-8C05-EC95BF5F40FB}.Release|x64.Build.0 = Release|Any CPU
		{AD169C3A-BBC3-47EB-8C05-EC95BF5F40FB}.Release|x64.Deploy.0 = Release|Any CPU
		{AD169C3A-BBC3-47EB-8C05-EC95BF5F40FB}.CI|ARM64.ActiveCfg = CI|Any CPU
		{AD169C3A-BBC3-47EB-8C05-EC95BF5F40FB}.CI|x64.ActiveCfg = CI|Any CPU
		{AD169C3A-BBC3-47EB-8C05-EC95BF5F40FB}.CI|x64.Build.0 = CI|Any CPU
		{AD169C3A-BBC3-47EB-8C05-EC95BF5F40FB}.Debug|ARM64.ActiveCfg = Debug|Any CPU
		{AD169C3A-BBC3-47EB-8C05-EC95BF5F40FB}.Debug|ARM64.Build.0 = Debug|Any CPU
		{AD169C3A-BBC3-47EB-8C05-EC95BF5F40FB}.Debug|x64.ActiveCfg = Debug|Any CPU
		{AD169C3A-BBC3-47EB-8C05-EC95BF5F40FB}.Debug|x64.Build.0 = Debug|Any CPU
		{AD169C3A-BBC3-47EB-8C05-EC95BF5F40FB}.Debug|x64.Deploy.0 = Debug|Any CPU
		{AD169C3A-BBC3-47EB-8C05-EC95BF5F40FB}.Release|ARM64.ActiveCfg = Release|Any CPU
		{AD169C3A-BBC3-47EB-8C05-EC95BF5F40FB}.Release|ARM64.Build.0 = Release|Any CPU
		{CCE4202C-D616-440B-A32E-3D5EEA9E3098}.CI|Any CPU.ActiveCfg = Debug|x64
		{CCE4202C-D616-440B-A32E-3D5EEA9E3098}.CI|Any CPU.Build.0 = Debug|x64
		{CCE4202C-D616-440B-A32E-3D5EEA9E3098}.CI|ARM64.ActiveCfg = Debug|x64
		{CCE4202C-D616-440B-A32E-3D5EEA9E3098}.CI|ARM64.Build.0 = Debug|x64
		{CCE4202C-D616-440B-A32E-3D5EEA9E3098}.CI|x64.ActiveCfg = Debug|x64
		{CCE4202C-D616-440B-A32E-3D5EEA9E3098}.CI|x64.Build.0 = Debug|x64
		{CCE4202C-D616-440B-A32E-3D5EEA9E3098}.Debug|Any CPU.ActiveCfg = Debug|x64
		{CCE4202C-D616-440B-A32E-3D5EEA9E3098}.Debug|Any CPU.Build.0 = Debug|x64
		{CCE4202C-D616-440B-A32E-3D5EEA9E3098}.Debug|ARM64.ActiveCfg = Debug|x64
		{CCE4202C-D616-440B-A32E-3D5EEA9E3098}.Debug|ARM64.Build.0 = Debug|x64
		{CCE4202C-D616-440B-A32E-3D5EEA9E3098}.Debug|x64.ActiveCfg = Debug|x64
		{CCE4202C-D616-440B-A32E-3D5EEA9E3098}.Debug|x64.Build.0 = Debug|x64
		{CCE4202C-D616-440B-A32E-3D5EEA9E3098}.Release|Any CPU.ActiveCfg = Release|x64
		{CCE4202C-D616-440B-A32E-3D5EEA9E3098}.Release|Any CPU.Build.0 = Release|x64
		{CCE4202C-D616-440B-A32E-3D5EEA9E3098}.Release|ARM64.ActiveCfg = Release|x64
		{CCE4202C-D616-440B-A32E-3D5EEA9E3098}.Release|ARM64.Build.0 = Release|x64
		{CCE4202C-D616-440B-A32E-3D5EEA9E3098}.Release|x64.ActiveCfg = Release|x64
		{CCE4202C-D616-440B-A32E-3D5EEA9E3098}.Release|x64.Build.0 = Release|x64
		{F4F6BE2C-DAFA-4D12-903B-7481128A344B}.CI|Any CPU.ActiveCfg = Debug|x64
		{F4F6BE2C-DAFA-4D12-903B-7481128A344B}.CI|Any CPU.Build.0 = Debug|x64
		{F4F6BE2C-DAFA-4D12-903B-7481128A344B}.CI|ARM64.ActiveCfg = Debug|x64
		{F4F6BE2C-DAFA-4D12-903B-7481128A344B}.CI|ARM64.Build.0 = Debug|x64
		{F4F6BE2C-DAFA-4D12-903B-7481128A344B}.CI|x64.ActiveCfg = Debug|x64
		{F4F6BE2C-DAFA-4D12-903B-7481128A344B}.CI|x64.Build.0 = Debug|x64
		{F4F6BE2C-DAFA-4D12-903B-7481128A344B}.Debug|Any CPU.ActiveCfg = Debug|x64
		{F4F6BE2C-DAFA-4D12-903B-7481128A344B}.Debug|Any CPU.Build.0 = Debug|x64
		{F4F6BE2C-DAFA-4D12-903B-7481128A344B}.Debug|ARM64.ActiveCfg = Debug|x64
		{F4F6BE2C-DAFA-4D12-903B-7481128A344B}.Debug|ARM64.Build.0 = Debug|x64
		{F4F6BE2C-DAFA-4D12-903B-7481128A344B}.Debug|x64.ActiveCfg = Debug|x64
		{F4F6BE2C-DAFA-4D12-903B-7481128A344B}.Debug|x64.Build.0 = Debug|x64
		{F4F6BE2C-DAFA-4D12-903B-7481128A344B}.Release|Any CPU.ActiveCfg = Release|x64
		{F4F6BE2C-DAFA-4D12-903B-7481128A344B}.Release|Any CPU.Build.0 = Release|x64
		{F4F6BE2C-DAFA-4D12-903B-7481128A344B}.Release|ARM64.ActiveCfg = Release|x64
		{F4F6BE2C-DAFA-4D12-903B-7481128A344B}.Release|ARM64.Build.0 = Release|x64
		{F4F6BE2C-DAFA-4D12-903B-7481128A344B}.Release|x64.ActiveCfg = Release|x64
		{F4F6BE2C-DAFA-4D12-903B-7481128A344B}.Release|x64.Build.0 = Release|x64
	EndGlobalSection
	GlobalSection(SolutionProperties) = preSolution
		HideSolutionNode = FALSE
	EndGlobalSection
	GlobalSection(NestedProjects) = preSolution
		{ABA4654B-8F96-4F00-A763-3E119E87E4DB} = {97DF13B3-C84A-491F-A8F9-CEC0263AE31A}
		{3FCF0B96-F4E8-4665-BC34-6FA2740D272A} = {97DF13B3-C84A-491F-A8F9-CEC0263AE31A}
		{30F46786-927C-45EF-8F83-FB27B124BC67} = {97DF13B3-C84A-491F-A8F9-CEC0263AE31A}
		{F3CFEE7A-5917-4378-9415-3EB498468C42} = {97DF13B3-C84A-491F-A8F9-CEC0263AE31A}
		{A3FFE695-E184-4AA6-9FAE-F99307C476ED} = {97DF13B3-C84A-491F-A8F9-CEC0263AE31A}
		{96FE706D-9DDF-4D00-9D4F-CDFBC2C3A29C} = {97DF13B3-C84A-491F-A8F9-CEC0263AE31A}
		{E15030EB-231F-4370-B142-7C19E053007D} = {97DF13B3-C84A-491F-A8F9-CEC0263AE31A}
		{6E4512AC-117E-4DE5-8246-C40A731CDED5} = {97DF13B3-C84A-491F-A8F9-CEC0263AE31A}
		{28875303-B400-41C6-9A52-6C2E7590533D} = {97DF13B3-C84A-491F-A8F9-CEC0263AE31A}
		{B8194012-9350-41FC-8C17-701B556704E5} = {3173FFFE-97F7-4110-98BB-C6FDBAE42BD3}
		{AF1FD92C-46FD-4F87-BC34-7F49CEFE12DE} = {3173FFFE-97F7-4110-98BB-C6FDBAE42BD3}
		{3FB6E7CB-128F-4CDC-A203-A22638B75B44} = {3173FFFE-97F7-4110-98BB-C6FDBAE42BD3}
		{DC6C8443-CFE2-436A-BA2A-00B7E6CF10C0} = {3173FFFE-97F7-4110-98BB-C6FDBAE42BD3}
		{D229CEAF-22B8-4F41-9424-1097499DB0FE} = {3173FFFE-97F7-4110-98BB-C6FDBAE42BD3}
		{09FB5353-4BCD-496C-A179-6F16F150CD78} = {3173FFFE-97F7-4110-98BB-C6FDBAE42BD3}
		{ED93E46D-19C0-4A0C-9091-EFBDDDE8D251} = {52D3D067-85AF-47F3-A06A-B6E6932A4E0C}
		{624999A8-4C15-4989-99A1-0043448164FE} = {97DF13B3-C84A-491F-A8F9-CEC0263AE31A}
		{1600DE84-B677-420B-90E4-EBDB1C5EA6B9} = {97DF13B3-C84A-491F-A8F9-CEC0263AE31A}
		{E42D6B81-E996-4A50-9F9B-101E46E20881} = {52D3D067-85AF-47F3-A06A-B6E6932A4E0C}
		{5DEF96A1-D77B-4B15-9A4B-95055E960EBC} = {52D3D067-85AF-47F3-A06A-B6E6932A4E0C}
		{0DD60996-092E-4764-86D5-9C26E4A70A7F} = {52D3D067-85AF-47F3-A06A-B6E6932A4E0C}
		{361E07A5-067C-49EE-8E6B-57C89D7F9BB2} = {52D3D067-85AF-47F3-A06A-B6E6932A4E0C}
		{95BD111C-1058-49CC-B4A2-F905768211A8} = {52D3D067-85AF-47F3-A06A-B6E6932A4E0C}
		{A47FA61B-05C6-4126-8EC6-5F1325191FFA} = {52D3D067-85AF-47F3-A06A-B6E6932A4E0C}
		{AE1AA5F3-95BD-4069-BD51-BC9BA76288C1} = {C3A7AE9F-4D4A-4EB4-811C-D9EE3E968F39}
		{AD169C3A-BBC3-47EB-8C05-EC95BF5F40FB} = {C3A7AE9F-4D4A-4EB4-811C-D9EE3E968F39}
		{CCE4202C-D616-440B-A32E-3D5EEA9E3098} = {C3A7AE9F-4D4A-4EB4-811C-D9EE3E968F39}
		{F4F6BE2C-DAFA-4D12-903B-7481128A344B} = {C3A7AE9F-4D4A-4EB4-811C-D9EE3E968F39}
	EndGlobalSection
	GlobalSection(ExtensibilityGlobals) = postSolution
		SolutionGuid = {53295A33-7C1F-4E90-81E4-C3DB8E17F8A1}
	EndGlobalSection
EndGlobal
